{
  "version": 4,
  "terraform_version": "1.1.7",
  "serial": 12,
  "lineage": "aa053482-c6f0-a989-5c1a-7e2e1b0631e9",
  "outputs": {},
  "resources": [
    {
      "mode": "managed",
      "type": "azurerm_app_service_plan",
      "name": "asp",
      "provider": "provider[\"registry.terraform.io/hashicorp/azurerm\"]",
      "instances": [
        {
          "schema_version": 0,
          "attributes": {
            "app_service_environment_id": "",
            "id": "/subscriptions/55cf0ba9-e3c1-4ced-b5e9-5abb7b4d39b1/resourceGroups/priti_rg_group/providers/Microsoft.Web/serverfarms/priti_service_plan",
            "is_xenon": false,
            "kind": "Windows",
            "location": "centralindia",
            "maximum_elastic_worker_count": 1,
            "maximum_number_of_workers": 10,
            "name": "priti_service_plan",
            "per_site_scaling": false,
            "reserved": false,
            "resource_group_name": "priti_rg_group",
            "sku": [
              {
                "capacity": 1,
                "size": "S1",
                "tier": "Standard"
              }
            ],
            "tags": {},
            "timeouts": null,
            "zone_redundant": false
          },
          "sensitive_attributes": [],
          "private": "eyJlMmJmYjczMC1lY2FhLTExZTYtOGY4OC0zNDM2M2JjN2M0YzAiOnsiY3JlYXRlIjozNjAwMDAwMDAwMDAwLCJkZWxldGUiOjM2MDAwMDAwMDAwMDAsInJlYWQiOjMwMDAwMDAwMDAwMCwidXBkYXRlIjozNjAwMDAwMDAwMDAwfX0=",
          "dependencies": [
            "azurerm_resource_group.my_rg"
          ]
        }
      ]
    },
    {
      "mode": "managed",
      "type": "azurerm_resource_group",
      "name": "my_rg",
      "provider": "provider[\"registry.terraform.io/hashicorp/azurerm\"]",
      "instances": [
        {
          "schema_version": 0,
          "attributes": {
            "id": "/subscriptions/55cf0ba9-e3c1-4ced-b5e9-5abb7b4d39b1/resourceGroups/priti_rg_group",
            "location": "centralindia",
            "name": "priti_rg_group",
            "tags": {},
            "timeouts": null
          },
          "sensitive_attributes": [],
          "private": "eyJlMmJmYjczMC1lY2FhLTExZTYtOGY4OC0zNDM2M2JjN2M0YzAiOnsiY3JlYXRlIjo1NDAwMDAwMDAwMDAwLCJkZWxldGUiOjU0MDAwMDAwMDAwMDAsInJlYWQiOjMwMDAwMDAwMDAwMCwidXBkYXRlIjo1NDAwMDAwMDAwMDAwfX0="
        }
      ]
    },
    {
      "mode": "managed",
      "type": "azurerm_storage_account",
      "name": "mystorageacc",
      "provider": "provider[\"registry.terraform.io/hashicorp/azurerm\"]",
      "instances": [
        {
          "schema_version": 2,
          "attributes": {
            "access_tier": "Hot",
            "account_kind": "StorageV2",
            "account_replication_type": "GRS",
            "account_tier": "Standard",
            "allow_blob_public_access": false,
            "azure_files_authentication": [],
            "blob_properties": [
              {
                "change_feed_enabled": false,
                "container_delete_retention_policy": [],
                "cors_rule": [],
                "default_service_version": "",
                "delete_retention_policy": [],
                "last_access_time_enabled": false,
                "versioning_enabled": false
              }
            ],
            "custom_domain": [],
            "customer_managed_key": [],
            "enable_https_traffic_only": true,
            "id": "/subscriptions/55cf0ba9-e3c1-4ced-b5e9-5abb7b4d39b1/resourceGroups/priti_rg_group/providers/Microsoft.Storage/storageAccounts/pritistorageaccount",
            "identity": [],
            "infrastructure_encryption_enabled": false,
            "is_hns_enabled": false,
            "large_file_share_enabled": null,
            "location": "centralindia",
            "min_tls_version": "TLS1_0",
            "name": "pritistorageaccount",
            "network_rules": [
              {
                "bypass": [
                  "AzureServices"
                ],
                "default_action": "Allow",
                "ip_rules": [],
                "private_link_access": [],
                "virtual_network_subnet_ids": []
              }
            ],
            "nfsv3_enabled": false,
            "primary_access_key": "pLHoCp0TwTqDSVOj8KEbkgTKkGaR3VmigGThLFEiiUIJQmtwcrs0K9IVN3zoP/VobaeuytKTDVTF1PrExvV5IA==",
            "primary_blob_connection_string": "DefaultEndpointsProtocol=https;BlobEndpoint=https://pritistorageaccount.blob.core.windows.net/;AccountName=pritistorageaccount;AccountKey=pLHoCp0TwTqDSVOj8KEbkgTKkGaR3VmigGThLFEiiUIJQmtwcrs0K9IVN3zoP/VobaeuytKTDVTF1PrExvV5IA==",
            "primary_blob_endpoint": "https://pritistorageaccount.blob.core.windows.net/",
            "primary_blob_host": "pritistorageaccount.blob.core.windows.net",
            "primary_connection_string": "DefaultEndpointsProtocol=https;AccountName=pritistorageaccount;AccountKey=pLHoCp0TwTqDSVOj8KEbkgTKkGaR3VmigGThLFEiiUIJQmtwcrs0K9IVN3zoP/VobaeuytKTDVTF1PrExvV5IA==;EndpointSuffix=core.windows.net",
            "primary_dfs_endpoint": "https://pritistorageaccount.dfs.core.windows.net/",
            "primary_dfs_host": "pritistorageaccount.dfs.core.windows.net",
            "primary_file_endpoint": "https://pritistorageaccount.file.core.windows.net/",
            "primary_file_host": "pritistorageaccount.file.core.windows.net",
            "primary_location": "centralindia",
            "primary_queue_endpoint": "https://pritistorageaccount.queue.core.windows.net/",
            "primary_queue_host": "pritistorageaccount.queue.core.windows.net",
            "primary_table_endpoint": "https://pritistorageaccount.table.core.windows.net/",
            "primary_table_host": "pritistorageaccount.table.core.windows.net",
            "primary_web_endpoint": "https://pritistorageaccount.z29.web.core.windows.net/",
            "primary_web_host": "pritistorageaccount.z29.web.core.windows.net",
            "queue_encryption_key_type": "Service",
            "queue_properties": [
              {
                "cors_rule": [],
                "hour_metrics": [
                  {
                    "enabled": true,
                    "include_apis": true,
                    "retention_policy_days": 7,
                    "version": "1.0"
                  }
                ],
                "logging": [
                  {
                    "delete": false,
                    "read": false,
                    "retention_policy_days": 0,
                    "version": "1.0",
                    "write": false
                  }
                ],
                "minute_metrics": [
                  {
                    "enabled": false,
                    "include_apis": false,
                    "retention_policy_days": 0,
                    "version": "1.0"
                  }
                ]
              }
            ],
            "resource_group_name": "priti_rg_group",
            "routing": [],
            "secondary_access_key": "pcr+Dq0GXrepeJfBbKIHYIXYfqcH3CDW5YJJp1kN9T+iWovsKCi04afM7FZVnQRja5vs2pWlO2YILjCRXxAclg==",
            "secondary_blob_connection_string": "",
            "secondary_blob_endpoint": null,
            "secondary_blob_host": null,
            "secondary_connection_string": "DefaultEndpointsProtocol=https;AccountName=pritistorageaccount;AccountKey=pcr+Dq0GXrepeJfBbKIHYIXYfqcH3CDW5YJJp1kN9T+iWovsKCi04afM7FZVnQRja5vs2pWlO2YILjCRXxAclg==;EndpointSuffix=core.windows.net",
            "secondary_dfs_endpoint": null,
            "secondary_dfs_host": null,
            "secondary_file_endpoint": null,
            "secondary_file_host": null,
            "secondary_location": "southindia",
            "secondary_queue_endpoint": null,
            "secondary_queue_host": null,
            "secondary_table_endpoint": null,
            "secondary_table_host": null,
            "secondary_web_endpoint": null,
            "secondary_web_host": null,
            "share_properties": [
              {
                "cors_rule": [],
                "retention_policy": [
                  {
                    "days": 7
                  }
                ],
                "smb": []
              }
            ],
            "shared_access_key_enabled": true,
            "static_website": [],
            "table_encryption_key_type": "Service",
            "tags": {
              "environment": "staging"
            },
            "timeouts": null
          },
          "sensitive_attributes": [],
          "private": "eyJlMmJmYjczMC1lY2FhLTExZTYtOGY4OC0zNDM2M2JjN2M0YzAiOnsiY3JlYXRlIjozNjAwMDAwMDAwMDAwLCJkZWxldGUiOjM2MDAwMDAwMDAwMDAsInJlYWQiOjMwMDAwMDAwMDAwMCwidXBkYXRlIjozNjAwMDAwMDAwMDAwfSwic2NoZW1hX3ZlcnNpb24iOiIyIn0=",
          "dependencies": [
            "azurerm_resource_group.my_rg"
          ]
        }
      ]
    }
  ]
}
